
Microsoft Visual Studio Solution File, Format Version 12.00
# Visual Studio Version 17
VisualStudioVersion = 17.11.35327.3
MinimumVisualStudioVersion = 10.0.40219.1
Project("{8BC9CEB8-8B4A-11D0-8D11-00A0C91BC942}") = "Circle Area Along The Circumference", "Circle Area Along The Circumference\Circle Area Along The Circumference.vcxproj", "{F0881C1B-74B9-4C36-B7B9-602D40C287DC}"
EndProject
Global
	GlobalSection(SolutionConfigurationPlatforms) = preSolution
		Debug|x64 = Debug|x64
		Debug|x86 = Debug|x86
		Release|x64 = Release|x64
		Release|x86 = Release|x86
	EndGlobalSection
	GlobalSection(ProjectConfigurationPlatforms) = postSolution
		{F0881C1B-74B9-4C36-B7B9-602D40C287DC}.Debug|x64.ActiveCfg = Debug|x64
		{F0881C1B-74B9-4C36-B7B9-602D40C287DC}.Debug|x64.Build.0 = Debug|x64
		{F0881C1B-74B9-4C36-B7B9-602D40C287DC}.Debug|x86.ActiveCfg = Debug|Win32
		{F0881C1B-74B9-4C36-B7B9-602D40C287DC}.Debug|x86.Build.0 = Debug|Win32
		{F0881C1B-74B9-4C36-B7B9-602D40C287DC}.Release|x64.ActiveCfg = Release|x64
		{F0881C1B-74B9-4C36-B7B9-602D40C287DC}.Release|x64.Build.0 = Release|x64
		{F0881C1B-74B9-4C36-B7B9-602D40C287DC}.Release|x86.ActiveCfg = Release|Win32
		{F0881C1B-74B9-4C36-B7B9-602D40C287DC}.Release|x86.Build.0 = Release|Win32
	EndGlobalSection
	GlobalSection(SolutionProperties) = preSolution
		HideSolutionNode = FALSE
	EndGlobalSection
	GlobalSection(ExtensibilityGlobals) = postSolution
		SolutionGuid = {A1A7FE2E-FFBF-44A2-BF43-D92C21ED2263}
	EndGlobalSection
EndGlobal
